// !$*UTF8*$!
{
	archiveVersion = 1;
	classes = {
	};
	objectVersion = 46;
	objects = {

/* Begin PBXBuildFile section */
		4ADCF3741C30F9B3007DCE8F /* AppDelegate.swift in Sources */ = {isa = PBXBuildFile; fileRef = 4ADCF3731C30F9B3007DCE8F /* AppDelegate.swift */; };
		4ADCF3761C30F9B3007DCE8F /* ViewController.swift in Sources */ = {isa = PBXBuildFile; fileRef = 4ADCF3751C30F9B3007DCE8F /* ViewController.swift */; };
		4ADCF3791C30F9B3007DCE8F /* Main.storyboard in Resources */ = {isa = PBXBuildFile; fileRef = 4ADCF3771C30F9B3007DCE8F /* Main.storyboard */; };
		4ADCF37B1C30F9B3007DCE8F /* Assets.xcassets in Resources */ = {isa = PBXBuildFile; fileRef = 4ADCF37A1C30F9B3007DCE8F /* Assets.xcassets */; };
		4ADCF37E1C30F9B3007DCE8F /* LaunchScreen.storyboard in Resources */ = {isa = PBXBuildFile; fileRef = 4ADCF37C1C30F9B3007DCE8F /* LaunchScreen.storyboard */; };
		4ADCF3891C30F9B3007DCE8F /* KROMBACHER_iOSTests.swift in Sources */ = {isa = PBXBuildFile; fileRef = 4ADCF3881C30F9B3007DCE8F /* KROMBACHER_iOSTests.swift */; };
		4ADCF3941C30F9B4007DCE8F /* KROMBACHER_iOSUITests.swift in Sources */ = {isa = PBXBuildFile; fileRef = 4ADCF3931C30F9B4007DCE8F /* KROMBACHER_iOSUITests.swift */; };
/* End PBXBuildFile section */

/* Begin PBXContainerItemProxy section */
		4ADCF3851C30F9B3007DCE8F /* PBXContainerItemProxy */ = {
			isa = PBXContainerItemProxy;
			containerPortal = 4ADCF3681C30F9B3007DCE8F /* Project object */;
			proxyType = 1;
			remoteGlobalIDString = 4ADCF36F1C30F9B3007DCE8F;
			remoteInfo = "KROMBACHER-iOS";
		};
		4ADCF3901C30F9B4007DCE8F /* PBXContainerItemProxy */ = {
			isa = PBXContainerItemProxy;
			containerPortal = 4ADCF3681C30F9B3007DCE8F /* Project object */;
			proxyType = 1;
			remoteGlobalIDString = 4ADCF36F1C30F9B3007DCE8F;
			remoteInfo = "KROMBACHER-iOS";
		};
/* End PBXContainerItemProxy section */

/* Begin PBXFileReference section */
		4ADCF3701C30F9B3007DCE8F /* KROMBACHER-iOS.app */ = {isa = PBXFileReference; explicitFileType = wrapper.application; includeInIndex = 0; path = "KROMBACHER-iOS.app"; sourceTree = BUILT_PRODUCTS_DIR; };
		4ADCF3731C30F9B3007DCE8F /* AppDelegate.swift */ = {isa = PBXFileReference; lastKnownFileType = sourcecode.swift; path = AppDelegate.swift; sourceTree = "<group>"; };
		4ADCF3751C30F9B3007DCE8F /* ViewController.swift */ = {isa = PBXFileReference; lastKnownFileType = sourcecode.swift; path = ViewController.swift; sourceTree = "<group>"; };
		4ADCF3781C30F9B3007DCE8F /* Base */ = {isa = PBXFileReference; lastKnownFileType = file.storyboard; name = Base; path = Base.lproj/Main.storyboard; sourceTree = "<group>"; };
		4ADCF37A1C30F9B3007DCE8F /* Assets.xcassets */ = {isa = PBXFileReference; lastKnownFileType = folder.assetcatalog; path = Assets.xcassets; sourceTree = "<group>"; };
		4ADCF37D1C30F9B3007DCE8F /* Base */ = {isa = PBXFileReference; lastKnownFileType = file.storyboard; name = Base; path = Base.lproj/LaunchScreen.storyboard; sourceTree = "<group>"; };
		4ADCF37F1C30F9B3007DCE8F /* Info.plist */ = {isa = PBXFileReference; lastKnownFileType = text.plist.xml; path = Info.plist; sourceTree = "<group>"; };
		4ADCF3841C30F9B3007DCE8F /* KROMBACHER-iOSTests.xctest */ = {isa = PBXFileReference; explicitFileType = wrapper.cfbundle; includeInIndex = 0; path = "KROMBACHER-iOSTests.xctest"; sourceTree = BUILT_PRODUCTS_DIR; };
		4ADCF3881C30F9B3007DCE8F /* KROMBACHER_iOSTests.swift */ = {isa = PBXFileReference; lastKnownFileType = sourcecode.swift; path = KROMBACHER_iOSTests.swift; sourceTree = "<group>"; };
		4ADCF38A1C30F9B4007DCE8F /* Info.plist */ = {isa = PBXFileReference; lastKnownFileType = text.plist.xml; path = Info.plist; sourceTree = "<group>"; };
		4ADCF38F1C30F9B4007DCE8F /* KROMBACHER-iOSUITests.xctest */ = {isa = PBXFileReference; explicitFileType = wrapper.cfbundle; includeInIndex = 0; path = "KROMBACHER-iOSUITests.xctest"; sourceTree = BUILT_PRODUCTS_DIR; };
		4ADCF3931C30F9B4007DCE8F /* KROMBACHER_iOSUITests.swift */ = {isa = PBXFileReference; lastKnownFileType = sourcecode.swift; path = KROMBACHER_iOSUITests.swift; sourceTree = "<group>"; };
		4ADCF3951C30F9B4007DCE8F /* Info.plist */ = {isa = PBXFileReference; lastKnownFileType = text.plist.xml; path = Info.plist; sourceTree = "<group>"; };
/* End PBXFileReference section */

/* Begin PBXFrameworksBuildPhase section */
		4ADCF36D1C30F9B3007DCE8F /* Frameworks */ = {
			isa = PBXFrameworksBuildPhase;
			buildActionMask = 2147483647;
			files = (
			);
			runOnlyForDeploymentPostprocessing = 0;
		};
		4ADCF3811C30F9B3007DCE8F /* Frameworks */ = {
			isa = PBXFrameworksBuildPhase;
			buildActionMask = 2147483647;
			files = (
			);
			runOnlyForDeploymentPostprocessing = 0;
		};
		4ADCF38C1C30F9B4007DCE8F /* Frameworks */ = {
			isa = PBXFrameworksBuildPhase;
			buildActionMask = 2147483647;
			files = (
			);
			runOnlyForDeploymentPostprocessing = 0;
		};
/* End PBXFrameworksBuildPhase section */

/* Begin PBXGroup section */
		4ADCF3671C30F9B3007DCE8F = {
			isa = PBXGroup;
			children = (
				4ADCF3721C30F9B3007DCE8F /* KROMBACHER-iOS */,
				4ADCF3871C30F9B3007DCE8F /* KROMBACHER-iOSTests */,
				4ADCF3921C30F9B4007DCE8F /* KROMBACHER-iOSUITests */,
				4ADCF3711C30F9B3007DCE8F /* Products */,
			);
			sourceTree = "<group>";
		};
		4ADCF3711C30F9B3007DCE8F /* Products */ = {
			isa = PBXGroup;
			children = (
				4ADCF3701C30F9B3007DCE8F /* KROMBACHER-iOS.app */,
				4ADCF3841C30F9B3007DCE8F /* KROMBACHER-iOSTests.xctest */,
				4ADCF38F1C30F9B4007DCE8F /* KROMBACHER-iOSUITests.xctest */,
			);
			name = Products;
			sourceTree = "<group>";
		};
		4ADCF3721C30F9B3007DCE8F /* KROMBACHER-iOS */ = {
			isa = PBXGroup;
			children = (
				4ADCF3731C30F9B3007DCE8F /* AppDelegate.swift */,
				4ADCF3751C30F9B3007DCE8F /* ViewController.swift */,
				4ADCF3771C30F9B3007DCE8F /* Main.storyboard */,
				4ADCF37A1C30F9B3007DCE8F /* Assets.xcassets */,
				4ADCF37C1C30F9B3007DCE8F /* LaunchScreen.storyboard */,
				4ADCF37F1C30F9B3007DCE8F /* Info.plist */,
			);
			path = "KROMBACHER-iOS";
			sourceTree = "<group>";
		};
		4ADCF3871C30F9B3007DCE8F /* KROMBACHER-iOSTests */ = {
			isa = PBXGroup;
			children = (
				4ADCF3881C30F9B3007DCE8F /* KROMBACHER_iOSTests.swift */,
				4ADCF38A1C30F9B4007DCE8F /* Info.plist */,
			);
			path = "KROMBACHER-iOSTests";
			sourceTree = "<group>";
		};
		4ADCF3921C30F9B4007DCE8F /* KROMBACHER-iOSUITests */ = {
			isa = PBXGroup;
			children = (
				4ADCF3931C30F9B4007DCE8F /* KROMBACHER_iOSUITests.swift */,
				4ADCF3951C30F9B4007DCE8F /* Info.plist */,
			);
			path = "KROMBACHER-iOSUITests";
			sourceTree = "<group>";
		};
/* End PBXGroup section */

/* Begin PBXNativeTarget section */
		4ADCF36F1C30F9B3007DCE8F /* KROMBACHER-iOS */ = {
			isa = PBXNativeTarget;
			buildConfigurationList = 4ADCF3981C30F9B4007DCE8F /* Build configuration list for PBXNativeTarget "KROMBACHER-iOS" */;
			buildPhases = (
				4ADCF36C1C30F9B3007DCE8F /* Sources */,
				4ADCF36D1C30F9B3007DCE8F /* Frameworks */,
				4ADCF36E1C30F9B3007DCE8F /* Resources */,
			);
			buildRules = (
			);
			dependencies = (
			);
			name = "KROMBACHER-iOS";
			productName = "KROMBACHER-iOS";
			productReference = 4ADCF3701C30F9B3007DCE8F /* KROMBACHER-iOS.app */;
			productType = "com.apple.product-type.application";
		};
		4ADCF3831C30F9B3007DCE8F /* KROMBACHER-iOSTests */ = {
			isa = PBXNativeTarget;
			buildConfigurationList = 4ADCF39B1C30F9B4007DCE8F /* Build configuration list for PBXNativeTarget "KROMBACHER-iOSTests" */;
			buildPhases = (
				4ADCF3801C30F9B3007DCE8F /* Sources */,
				4ADCF3811C30F9B3007DCE8F /* Frameworks */,
				4ADCF3821C30F9B3007DCE8F /* Resources */,
			);
			buildRules = (
			);
			dependencies = (
				4ADCF3861C30F9B3007DCE8F /* PBXTargetDependency */,
			);
			name = "KROMBACHER-iOSTests";
			productName = "KROMBACHER-iOSTests";
			productReference = 4ADCF3841C30F9B3007DCE8F /* KROMBACHER-iOSTests.xctest */;
			productType = "com.apple.product-type.bundle.unit-test";
		};
		4ADCF38E1C30F9B4007DCE8F /* KROMBACHER-iOSUITests */ = {
			isa = PBXNativeTarget;
			buildConfigurationList = 4ADCF39E1C30F9B4007DCE8F /* Build configuration list for PBXNativeTarget "KROMBACHER-iOSUITests" */;
			buildPhases = (
				4ADCF38B1C30F9B4007DCE8F /* Sources */,
				4ADCF38C1C30F9B4007DCE8F /* Frameworks */,
				4ADCF38D1C30F9B4007DCE8F /* Resources */,
			);
			buildRules = (
			);
			dependencies = (
				4ADCF3911C30F9B4007DCE8F /* PBXTargetDependency */,
			);
			name = "KROMBACHER-iOSUITests";
			productName = "KROMBACHER-iOSUITests";
			productReference = 4ADCF38F1C30F9B4007DCE8F /* KROMBACHER-iOSUITests.xctest */;
			productType = "com.apple.product-type.bundle.ui-testing";
		};
/* End PBXNativeTarget section */

/* Begin PBXProject section */
		4ADCF3681C30F9B3007DCE8F /* Project object */ = {
			isa = PBXProject;
			attributes = {
				LastSwiftUpdateCheck = 0720;
				LastUpgradeCheck = 0720;
				ORGANIZATIONNAME = "youngbin jang";
				TargetAttributes = {
					4ADCF36F1C30F9B3007DCE8F = {
						CreatedOnToolsVersion = 7.2;
					};
					4ADCF3831C30F9B3007DCE8F = {
						CreatedOnToolsVersion = 7.2;
						TestTargetID = 4ADCF36F1C30F9B3007DCE8F;
					};
					4ADCF38E1C30F9B4007DCE8F = {
						CreatedOnToolsVersion = 7.2;
						TestTargetID = 4ADCF36F1C30F9B3007DCE8F;
					};
				};
			};
			buildConfigurationList = 4ADCF36B1C30F9B3007DCE8F /* Build configuration list for PBXProject "KROMBACHER-iOS" */;
			compatibilityVersion = "Xcode 3.2";
			developmentRegion = English;
			hasScannedForEncodings = 0;
			knownRegions = (
				en,
				Base,
			);
			mainGroup = 4ADCF3671C30F9B3007DCE8F;
			productRefGroup = 4ADCF3711C30F9B3007DCE8F /* Products */;
			projectDirPath = "";
			projectRoot = "";
			targets = (
				4ADCF36F1C30F9B3007DCE8F /* KROMBACHER-iOS */,
				4ADCF3831C30F9B3007DCE8F /* KROMBACHER-iOSTests */,
				4ADCF38E1C30F9B4007DCE8F /* KROMBACHER-iOSUITests */,
			);
		};
/* End PBXProject section */

/* Begin PBXResourcesBuildPhase section */
		4ADCF36E1C30F9B3007DCE8F /* Resources */ = {
			isa = PBXResourcesBuildPhase;
			buildActionMask = 2147483647;
			files = (
				4ADCF37E1C30F9B3007DCE8F /* LaunchScreen.storyboard in Resources */,
				4ADCF37B1C30F9B3007DCE8F /* Assets.xcassets in Resources */,
				4ADCF3791C30F9B3007DCE8F /* Main.storyboard in Resources */,
			);
			runOnlyForDeploymentPostprocessing = 0;
		};
		4ADCF3821C30F9B3007DCE8F /* Resources */ = {
			isa = PBXResourcesBuildPhase;
			buildActionMask = 2147483647;
			files = (
			);
			runOnlyForDeploymentPostprocessing = 0;
		};
		4ADCF38D1C30F9B4007DCE8F /* Resources */ = {
			isa = PBXResourcesBuildPhase;
			buildActionMask = 2147483647;
			files = (
			);
			runOnlyForDeploymentPostprocessing = 0;
		};
/* End PBXResourcesBuildPhase section */

/* Begin PBXSourcesBuildPhase section */
		4ADCF36C1C30F9B3007DCE8F /* Sources */ = {
			isa = PBXSourcesBuildPhase;
			buildActionMask = 2147483647;
			files = (
				4ADCF3761C30F9B3007DCE8F /* ViewController.swift in Sources */,
				4ADCF3741C30F9B3007DCE8F /* AppDelegate.swift in Sources */,
			);
			runOnlyForDeploymentPostprocessing = 0;
		};
		4ADCF3801C30F9B3007DCE8F /* Sources */ = {
			isa = PBXSourcesBuildPhase;
			buildActionMask = 2147483647;
			files = (
				4ADCF3891C30F9B3007DCE8F /* KROMBACHER_iOSTests.swift in Sources */,
			);
			runOnlyForDeploymentPostprocessing = 0;
		};
		4ADCF38B1C30F9B4007DCE8F /* Sources */ = {
			isa = PBXSourcesBuildPhase;
			buildActionMask = 2147483647;
			files = (
				4ADCF3941C30F9B4007DCE8F /* KROMBACHER_iOSUITests.swift in Sources */,
			);
			runOnlyForDeploymentPostprocessing = 0;
		};
/* End PBXSourcesBuildPhase section */

/* Begin PBXTargetDependency section */
		4ADCF3861C30F9B3007DCE8F /* PBXTargetDependency */ = {
			isa = PBXTargetDependency;
			target = 4ADCF36F1C30F9B3007DCE8F /* KROMBACHER-iOS */;
			targetProxy = 4ADCF3851C30F9B3007DCE8F /* PBXContainerItemProxy */;
		};
		4ADCF3911C30F9B4007DCE8F /* PBXTargetDependency */ = {
			isa = PBXTargetDependency;
			target = 4ADCF36F1C30F9B3007DCE8F /* KROMBACHER-iOS */;
			targetProxy = 4ADCF3901C30F9B4007DCE8F /* PBXContainerItemProxy */;
		};
/* End PBXTargetDependency section */

/* Begin PBXVariantGroup section */
		4ADCF3771C30F9B3007DCE8F /* Main.storyboard */ = {
			isa = PBXVariantGroup;
			children = (
				4ADCF3781C30F9B3007DCE8F /* Base */,
			);
			name = Main.storyboard;
			sourceTree = "<group>";
		};
		4ADCF37C1C30F9B3007DCE8F /* LaunchScreen.storyboard */ = {
			isa = PBXVariantGroup;
			children = (
				4ADCF37D1C30F9B3007DCE8F /* Base */,
			);
			name = LaunchScreen.storyboard;
			sourceTree = "<group>";
		};
/* End PBXVariantGroup section */

/* Begin XCBuildConfiguration section */
		4ADCF3961C30F9B4007DCE8F /* Debug */ = {
			isa = XCBuildConfiguration;
			buildSettings = {
				ALWAYS_SEARCH_USER_PATHS = NO;
				CLANG_CXX_LANGUAGE_STANDARD = "gnu++0x";
				CLANG_CXX_LIBRARY = "libc++";
				CLANG_ENABLE_MODULES = YES;
				CLANG_ENABLE_OBJC_ARC = YES;
				CLANG_WARN_BOOL_CONVERSION = YES;
				CLANG_WARN_CONSTANT_CONVERSION = YES;
				CLANG_WARN_DIRECT_OBJC_ISA_USAGE = YES_ERROR;
				CLANG_WARN_EMPTY_BODY = YES;
				CLANG_WARN_ENUM_CONVERSION = YES;
				CLANG_WARN_INT_CONVERSION = YES;
				CLANG_WARN_OBJC_ROOT_CLASS = YES_ERROR;
				CLANG_WARN_UNREACHABLE_CODE = YES;
				CLANG_WARN__DUPLICATE_METHOD_MATCH = YES;
				"CODE_SIGN_IDENTITY[sdk=iphoneos*]" = "iPhone Developer";
				COPY_PHASE_STRIP = NO;
				DEBUG_INFORMATION_FORMAT = dwarf;
				ENABLE_STRICT_OBJC_MSGSEND = YES;
				ENABLE_TESTABILITY = YES;
				GCC_C_LANGUAGE_STANDARD = gnu99;
				GCC_DYNAMIC_NO_PIC = NO;
				GCC_NO_COMMON_BLOCKS = YES;
				GCC_OPTIMIZATION_LEVEL = 0;
				GCC_PREPROCESSOR_DEFINITIONS = (
					"DEBUG=1",
					"$(inherited)",
				);
				GCC_WARN_64_TO_32_BIT_CONVERSION = YES;
				GCC_WARN_ABOUT_RETURN_TYPE = YES_ERROR;
				GCC_WARN_UNDECLARED_SELECTOR = YES;
				GCC_WARN_UNINITIALIZED_AUTOS = YES_AGGRESSIVE;
				GCC_WARN_UNUSED_FUNCTION = YES;
				GCC_WARN_UNUSED_VARIABLE = YES;
				IPHONEOS_DEPLOYMENT_TARGET = 9.2;
				MTL_ENABLE_DEBUG_INFO = YES;
				ONLY_ACTIVE_ARCH = YES;
				SDKROOT = iphoneos;
				SWIFT_OPTIMIZATION_LEVEL = "-Onone";
				TARGETED_DEVICE_FAMILY = "1,2";
			};
			name = Debug;
		};
		4ADCF3971C30F9B4007DCE8F /* Release */ = {
			isa = XCBuildConfiguration;
			buildSettings = {
				ALWAYS_SEARCH_USER_PATHS = NO;
				CLANG_CXX_LANGUAGE_STANDARD = "gnu++0x";
				CLANG_CXX_LIBRARY = "libc++";
				CLANG_ENABLE_MODULES = YES;
				CLANG_ENABLE_OBJC_ARC = YES;
				CLANG_WARN_BOOL_CONVERSION = YES;
				CLANG_WARN_CONSTANT_CONVERSION = YES;
				CLANG_WARN_DIRECT_OBJC_ISA_USAGE = YES_ERROR;
				CLANG_WARN_EMPTY_BODY = YES;
				CLANG_WARN_ENUM_CONVERSION = YES;
				CLANG_WARN_INT_CONVERSION = YES;
				CLANG_WARN_OBJC_ROOT_CLASS = YES_ERROR;
				CLANG_WARN_UNREACHABLE_CODE = YES;
				CLANG_WARN__DUPLICATE_METHOD_MATCH = YES;
				"CODE_SIGN_IDENTITY[sdk=iphoneos*]" = "iPhone Developer";
				COPY_PHASE_STRIP = NO;
				DEBUG_INFORMATION_FORMAT = "dwarf-with-dsym";
				ENABLE_NS_ASSERTIONS = NO;
				ENABLE_STRICT_OBJC_MSGSEND = YES;
				GCC_C_LANGUAGE_STANDARD = gnu99;
				GCC_NO_COMMON_BLOCKS = YES;
				GCC_WARN_64_TO_32_BIT_CONVERSION = YES;
				GCC_WARN_ABOUT_RETURN_TYPE = YES_ERROR;
				GCC_WARN_UNDECLARED_SELECTOR = YES;
				GCC_WARN_UNINITIALIZED_AUTOS = YES_AGGRESSIVE;
				GCC_WARN_UNUSED_FUNCTION = YES;
				GCC_WARN_UNUSED_VARIABLE = YES;
				IPHONEOS_DEPLOYMENT_TARGET = 9.2;
				MTL_ENABLE_DEBUG_INFO = NO;
				SDKROOT = iphoneos;
				TARGETED_DEVICE_FAMILY = "1,2";
				VALIDATE_PRODUCT = YES;
			};
			name = Release;
		};
		4ADCF3991C30F9B4007DCE8F /* Debug */ = {
			isa = XCBuildConfiguration;
			buildSettings = {
				ASSETCATALOG_COMPILER_APPICON_NAME = AppIcon;
				INFOPLIST_FILE = "KROMBACHER-iOS/Info.plist";
				LD_RUNPATH_SEARCH_PATHS = "$(inherited) @executable_path/Frameworks";
				PRODUCT_BUNDLE_IDENTIFIER = "com.link413.KROMBACHER-iOS";
				PRODUCT_NAME = "$(TARGET_NAME)";
			};
			name = Debug;
		};
		4ADCF39A1C30F9B4007DCE8F /* Release */ = {
			isa = XCBuildConfiguration;
			buildSettings = {
				ASSETCATALOG_COMPILER_APPICON_NAME = AppIcon;
				INFOPLIST_FILE = "KROMBACHER-iOS/Info.plist";
				LD_RUNPATH_SEARCH_PATHS = "$(inherited) @executable_path/Frameworks";
				PRODUCT_BUNDLE_IDENTIFIER = "com.link413.KROMBACHER-iOS";
				PRODUCT_NAME = "$(TARGET_NAME)";
			};
			name = Release;
		};
		4ADCF39C1C30F9B4007DCE8F /* Debug */ = {
			isa = XCBuildConfiguration;
			buildSettings = {
				BUNDLE_LOADER = "$(TEST_HOST)";
				INFOPLIST_FILE = "KROMBACHER-iOSTests/Info.plist";
				LD_RUNPATH_SEARCH_PATHS = "$(inherited) @executable_path/Frameworks @loader_path/Frameworks";
				PRODUCT_BUNDLE_IDENTIFIER = "com.link413.KROMBACHER-iOSTests";
				PRODUCT_NAME = "$(TARGET_NAME)";
				TEST_HOST = "$(BUILT_PRODUCTS_DIR)/KROMBACHER-iOS.app/KROMBACHER-iOS";
			};
			name = Debug;
		};
		4ADCF39D1C30F9B4007DCE8F /* Release */ = {
			isa = XCBuildConfiguration;
			buildSettings = {
				BUNDLE_LOADER = "$(TEST_HOST)";
				INFOPLIST_FILE = "KROMBACHER-iOSTests/Info.plist";
				LD_RUNPATH_SEARCH_PATHS = "$(inherited) @executable_path/Frameworks @loader_path/Frameworks";
				PRODUCT_BUNDLE_IDENTIFIER = "com.link413.KROMBACHER-iOSTests";
				PRODUCT_NAME = "$(TARGET_NAME)";
				TEST_HOST = "$(BUILT_PRODUCTS_DIR)/KROMBACHER-iOS.app/KROMBACHER-iOS";
			};
			name = Release;
		};
		4ADCF39F1C30F9B4007DCE8F /* Debug */ = {
			isa = XCBuildConfiguration;
			buildSettings = {
				INFOPLIST_FILE = "KROMBACHER-iOSUITests/Info.plist";
				LD_RUNPATH_SEARCH_PATHS = "$(inherited) @executable_path/Frameworks @loader_path/Frameworks";
				PRODUCT_BUNDLE_IDENTIFIER = "com.link413.KROMBACHER-iOSUITests";
				PRODUCT_NAME = "$(TARGET_NAME)";
				TEST_TARGET_NAME = "KROMBACHER-iOS";
				USES_XCTRUNNER = YES;
			};
			name = Debug;
		};
		4ADCF3A01C30F9B4007DCE8F /* Release */ = {
			isa = XCBuildConfiguration;
			buildSettings = {
				INFOPLIST_FILE = "KROMBACHER-iOSUITests/Info.plist";
				LD_RUNPATH_SEARCH_PATHS = "$(inherited) @executable_path/Frameworks @loader_path/Frameworks";
				PRODUCT_BUNDLE_IDENTIFIER = "com.link413.KROMBACHER-iOSUITests";
				PRODUCT_NAME = "$(TARGET_NAME)";
				TEST_TARGET_NAME = "KROMBACHER-iOS";
				USES_XCTRUNNER = YES;
			};
			name = Release;
		};
/* End XCBuildConfiguration section */

/* Begin XCConfigurationList section */
		4ADCF36B1C30F9B3007DCE8F /* Build configuration list for PBXProject "KROMBACHER-iOS" */ = {
			isa = XCConfigurationList;
			buildConfigurations = (
				4ADCF3961C30F9B4007DCE8F /* Debug */,
				4ADCF3971C30F9B4007DCE8F /* Release */,
			);
			defaultConfigurationIsVisible = 0;
			defaultConfigurationName = Release;
		};
		4ADCF3981C30F9B4007DCE8F /* Build configuration list for PBXNativeTarget "KROMBACHER-iOS" */ = {
			isa = XCConfigurationList;
			buildConfigurations = (
				4ADCF3991C30F9B4007DCE8F /* Debug */,
				4ADCF39A1C30F9B4007DCE8F /* Release */,
			);
			defaultConfigurationIsVisible = 0;
		};
		4ADCF39B1C30F9B4007DCE8F /* Build configuration list for PBXNativeTarget "KROMBACHER-iOSTests" */ = {
			isa = XCConfigurationList;
			buildConfigurations = (
				4ADCF39C1C30F9B4007DCE8F /* Debug */,
				4ADCF39D1C30F9B4007DCE8F /* Release */,
			);
			defaultConfigurationIsVisible = 0;
		};
		4ADCF39E1C30F9B4007DCE8F /* Build configuration list for PBXNativeTarget "KROMBACHER-iOSUITests" */ = {
			isa = XCConfigurationList;
			buildConfigurations = (
				4ADCF39F1C30F9B4007DCE8F /* Debug */,
				4ADCF3A01C30F9B4007DCE8F /* Release */,
			);
			defaultConfigurationIsVisible = 0;
		};
/* End XCConfigurationList section */
	};
	rootObject = 4ADCF3681C30F9B3007DCE8F /* Project object */;
}
